# This file is automatically @generated by Cargo.
# It is not intended for manual editing.
version = 4

[[package]]
name = "codewars"
version = "0.1.0"
dependencies = [
 "l6kyu",
 "l8kyu",
]

[[package]]
name = "l6kyu"
version = "0.1.0"
dependencies = [
 "shared",
]

[[package]]
name = "l8kyu"
version = "0.1.0"
dependencies = [
 "shared",
]

[[package]]
name = "shared"
version = "0.1.0"
